
Microsoft Visual Studio Solution File, Format Version 12.00
# Visual Studio 15
VisualStudioVersion = 15.0.27004.2005
MinimumVisualStudioVersion = 10.0.40219.1
Project("{2150E333-8FDC-42A3-9474-1A3956D46DE8}") = "01. Data", "01. Data", "{2EF085B9-35D9-494E-8A96-FDD7DDC37DD2}"
EndProject
Project("{2150E333-8FDC-42A3-9474-1A3956D46DE8}") = "02. Infrastructure", "02. Infrastructure", "{8AB5445E-0A44-4280-9F11-88C655F6D127}"
EndProject
Project("{2150E333-8FDC-42A3-9474-1A3956D46DE8}") = "03. Business", "03. Business", "{A5C378CA-D6D1-4CF7-9FC7-4B9B1994D50C}"
EndProject
Project("{2150E333-8FDC-42A3-9474-1A3956D46DE8}") = "04. Presentation", "04. Presentation", "{37351586-84E3-4A31-9948-764BE4033139}"
EndProject
Project("{9A19103F-16F7-4668-BE54-9A1E7A4F7556}") = "CBS.Data", "CBS.Data\CBS.Data.csproj", "{5304A48A-B8C2-4613-8798-AA08501A3973}"
EndProject
Project("{9A19103F-16F7-4668-BE54-9A1E7A4F7556}") = "CBS.Data.Repository", "CBS.Data.Repository\CBS.Data.Repository.csproj", "{A03ACCC6-24A7-403E-A62E-991F43A6BFA7}"
EndProject
Project("{9A19103F-16F7-4668-BE54-9A1E7A4F7556}") = "CBS.Main.Services", "CBS.Main.Services\CBS.Main.Services.csproj", "{1BC0CD6C-2903-4934-88E8-82EB95DB6177}"
EndProject
Project("{9A19103F-16F7-4668-BE54-9A1E7A4F7556}") = "CBS.Dto", "CBS.Dto\CBS.Dto.csproj", "{7B56AC78-2799-47F6-AA0B-AFE278F673A9}"
EndProject
Project("{9A19103F-16F7-4668-BE54-9A1E7A4F7556}") = "CBS.Main", "CBS.Main\CBS.Main.csproj", "{5E3E74CB-3915-4603-A804-D26E677AD1D2}"
EndProject
Project("{9A19103F-16F7-4668-BE54-9A1E7A4F7556}") = "CBS.Common.Services", "..\CBS-COMMON-LIB\CBS.Common.Services.csproj", "{E508A61A-FDA9-40A5-9A9E-B12316A535A8}"
EndProject
Global
	GlobalSection(SolutionConfigurationPlatforms) = preSolution
		Debug|Any CPU = Debug|Any CPU
		Release|Any CPU = Release|Any CPU
	EndGlobalSection
	GlobalSection(ProjectConfigurationPlatforms) = postSolution
		{5304A48A-B8C2-4613-8798-AA08501A3973}.Debug|Any CPU.ActiveCfg = Debug|Any CPU
		{5304A48A-B8C2-4613-8798-AA08501A3973}.Debug|Any CPU.Build.0 = Debug|Any CPU
		{5304A48A-B8C2-4613-8798-AA08501A3973}.Release|Any CPU.ActiveCfg = Release|Any CPU
		{5304A48A-B8C2-4613-8798-AA08501A3973}.Release|Any CPU.Build.0 = Release|Any CPU
		{A03ACCC6-24A7-403E-A62E-991F43A6BFA7}.Debug|Any CPU.ActiveCfg = Debug|Any CPU
		{A03ACCC6-24A7-403E-A62E-991F43A6BFA7}.Debug|Any CPU.Build.0 = Debug|Any CPU
		{A03ACCC6-24A7-403E-A62E-991F43A6BFA7}.Release|Any CPU.ActiveCfg = Release|Any CPU
		{A03ACCC6-24A7-403E-A62E-991F43A6BFA7}.Release|Any CPU.Build.0 = Release|Any CPU
		{1BC0CD6C-2903-4934-88E8-82EB95DB6177}.Debug|Any CPU.ActiveCfg = Debug|Any CPU
		{1BC0CD6C-2903-4934-88E8-82EB95DB6177}.Debug|Any CPU.Build.0 = Debug|Any CPU
		{1BC0CD6C-2903-4934-88E8-82EB95DB6177}.Release|Any CPU.ActiveCfg = Release|Any CPU
		{1BC0CD6C-2903-4934-88E8-82EB95DB6177}.Release|Any CPU.Build.0 = Release|Any CPU
		{7B56AC78-2799-47F6-AA0B-AFE278F673A9}.Debug|Any CPU.ActiveCfg = Debug|Any CPU
		{7B56AC78-2799-47F6-AA0B-AFE278F673A9}.Debug|Any CPU.Build.0 = Debug|Any CPU
		{7B56AC78-2799-47F6-AA0B-AFE278F673A9}.Release|Any CPU.ActiveCfg = Release|Any CPU
		{7B56AC78-2799-47F6-AA0B-AFE278F673A9}.Release|Any CPU.Build.0 = Release|Any CPU
		{5E3E74CB-3915-4603-A804-D26E677AD1D2}.Debug|Any CPU.ActiveCfg = Debug|Any CPU
		{5E3E74CB-3915-4603-A804-D26E677AD1D2}.Debug|Any CPU.Build.0 = Debug|Any CPU
		{5E3E74CB-3915-4603-A804-D26E677AD1D2}.Release|Any CPU.ActiveCfg = Release|Any CPU
		{5E3E74CB-3915-4603-A804-D26E677AD1D2}.Release|Any CPU.Build.0 = Release|Any CPU
		{E508A61A-FDA9-40A5-9A9E-B12316A535A8}.Debug|Any CPU.ActiveCfg = Debug|Any CPU
		{E508A61A-FDA9-40A5-9A9E-B12316A535A8}.Debug|Any CPU.Build.0 = Debug|Any CPU
		{E508A61A-FDA9-40A5-9A9E-B12316A535A8}.Release|Any CPU.ActiveCfg = Release|Any CPU
		{E508A61A-FDA9-40A5-9A9E-B12316A535A8}.Release|Any CPU.Build.0 = Release|Any CPU
	EndGlobalSection
	GlobalSection(SolutionProperties) = preSolution
		HideSolutionNode = FALSE
	EndGlobalSection
	GlobalSection(NestedProjects) = preSolution
		{5304A48A-B8C2-4613-8798-AA08501A3973} = {2EF085B9-35D9-494E-8A96-FDD7DDC37DD2}
		{A03ACCC6-24A7-403E-A62E-991F43A6BFA7} = {8AB5445E-0A44-4280-9F11-88C655F6D127}
		{1BC0CD6C-2903-4934-88E8-82EB95DB6177} = {A5C378CA-D6D1-4CF7-9FC7-4B9B1994D50C}
		{7B56AC78-2799-47F6-AA0B-AFE278F673A9} = {A5C378CA-D6D1-4CF7-9FC7-4B9B1994D50C}
		{5E3E74CB-3915-4603-A804-D26E677AD1D2} = {37351586-84E3-4A31-9948-764BE4033139}
		{E508A61A-FDA9-40A5-9A9E-B12316A535A8} = {A5C378CA-D6D1-4CF7-9FC7-4B9B1994D50C}
	EndGlobalSection
	GlobalSection(ExtensibilityGlobals) = postSolution
		SolutionGuid = {F41463E0-C403-4E75-8A5B-C1BFF61170A7}
	EndGlobalSection
EndGlobal
